
Microsoft Visual Studio Solution File, Format Version 12.00
# Visual Studio Version 16
VisualStudioVersion = 16.0.30804.86
MinimumVisualStudioVersion = 10.0.40219.1
Project("{9A19103F-16F7-4668-BE54-9A1E7A4F7556}") = "Supify", "Supify\Supify.csproj", "{3A1489A2-9D6C-4D86-A7E4-611A15657634}"
EndProject
Project("{FAE04EC0-301F-11D3-BF4B-00C04F79EFBC}") = "SupifyTest", "SupifyTest\SupifyTest.csproj", "{322EBFAE-8A4B-4771-9319-7D5E969FAA8A}"
EndProject
Global
	GlobalSection(SolutionConfigurationPlatforms) = preSolution
		Debug|Any CPU = Debug|Any CPU
		Release|Any CPU = Release|Any CPU
	EndGlobalSection
	GlobalSection(ProjectConfigurationPlatforms) = postSolution
		{3A1489A2-9D6C-4D86-A7E4-611A15657634}.Debug|Any CPU.ActiveCfg = Debug|Any CPU
		{3A1489A2-9D6C-4D86-A7E4-611A15657634}.Debug|Any CPU.Build.0 = Debug|Any CPU
		{3A1489A2-9D6C-4D86-A7E4-611A15657634}.Release|Any CPU.ActiveCfg = Release|Any CPU
		{3A1489A2-9D6C-4D86-A7E4-611A15657634}.Release|Any CPU.Build.0 = Release|Any CPU
		{322EBFAE-8A4B-4771-9319-7D5E969FAA8A}.Debug|Any CPU.ActiveCfg = Debug|Any CPU
		{322EBFAE-8A4B-4771-9319-7D5E969FAA8A}.Debug|Any CPU.Build.0 = Debug|Any CPU
		{322EBFAE-8A4B-4771-9319-7D5E969FAA8A}.Release|Any CPU.ActiveCfg = Release|Any CPU
		{322EBFAE-8A4B-4771-9319-7D5E969FAA8A}.Release|Any CPU.Build.0 = Release|Any CPU
	EndGlobalSection
	GlobalSection(SolutionProperties) = preSolution
		HideSolutionNode = FALSE
	EndGlobalSection
	GlobalSection(ExtensibilityGlobals) = postSolution
		SolutionGuid = {33254BEE-9DBD-4A70-B323-3D82FC4F4F6F}
	EndGlobalSection
EndGlobal
